
Microsoft Visual Studio Solution File, Format Version 12.00
# Visual Studio Version 16
VisualStudioVersion = 16.0.31321.278
MinimumVisualStudioVersion = 10.0.40219.1
Project("{FAE04EC0-301F-11D3-BF4B-00C04F79EFBC}") = "DbDataReaderMapper", "DbDataReaderMapper\DbDataReaderMapper.csproj", "{6DA6F28D-CC2F-4D6B-933D-5D18790CE090}"
EndProject
Project("{FAE04EC0-301F-11D3-BF4B-00C04F79EFBC}") = "Tests", "Tests\Tests.csproj", "{DFC9A837-71EB-4D1A-A433-28C62F8EA75C}"
EndProject
Global
	GlobalSection(SolutionConfigurationPlatforms) = preSolution
		Debug|Any CPU = Debug|Any CPU
		Release|Any CPU = Release|Any CPU
	EndGlobalSection
	GlobalSection(ProjectConfigurationPlatforms) = postSolution
		{6DA6F28D-CC2F-4D6B-933D-5D18790CE090}.Debug|Any CPU.ActiveCfg = Debug|Any CPU
		{6DA6F28D-CC2F-4D6B-933D-5D18790CE090}.Debug|Any CPU.Build.0 = Debug|Any CPU
		{6DA6F28D-CC2F-4D6B-933D-5D18790CE090}.Release|Any CPU.ActiveCfg = Release|Any CPU
		{6DA6F28D-CC2F-4D6B-933D-5D18790CE090}.Release|Any CPU.Build.0 = Release|Any CPU
		{DFC9A837-71EB-4D1A-A433-28C62F8EA75C}.Debug|Any CPU.ActiveCfg = Debug|Any CPU
		{DFC9A837-71EB-4D1A-A433-28C62F8EA75C}.Debug|Any CPU.Build.0 = Debug|Any CPU
		{DFC9A837-71EB-4D1A-A433-28C62F8EA75C}.Release|Any CPU.ActiveCfg = Release|Any CPU
		{DFC9A837-71EB-4D1A-A433-28C62F8EA75C}.Release|Any CPU.Build.0 = Release|Any CPU
	EndGlobalSection
	GlobalSection(SolutionProperties) = preSolution
		HideSolutionNode = FALSE
	EndGlobalSection
	GlobalSection(ExtensibilityGlobals) = postSolution
		SolutionGuid = {4DC6E328-0428-4D04-B4D2-E0F7D8CBC3B8}
	EndGlobalSection
EndGlobal
